
Microsoft Visual Studio Solution File, Format Version 12.00
# Visual Studio Version 16
VisualStudioVersion = 16.0.30709.132
MinimumVisualStudioVersion = 10.0.40219.1
Project("{FAE04EC0-301F-11D3-BF4B-00C04F79EFBC}") = "codework-api", "codework-api\codework-api.csproj", "{159D85A4-9205-4F6B-967A-8587B06B11D6}"
EndProject
Global
	GlobalSection(SolutionConfigurationPlatforms) = preSolution
		Debug|Any CPU = Debug|Any CPU
		Release|Any CPU = Release|Any CPU
	EndGlobalSection
	GlobalSection(ProjectConfigurationPlatforms) = postSolution
		{159D85A4-9205-4F6B-967A-8587B06B11D6}.Debug|Any CPU.ActiveCfg = Debug|Any CPU
		{159D85A4-9205-4F6B-967A-8587B06B11D6}.Debug|Any CPU.Build.0 = Debug|Any CPU
		{159D85A4-9205-4F6B-967A-8587B06B11D6}.Release|Any CPU.ActiveCfg = Release|Any CPU
		{159D85A4-9205-4F6B-967A-8587B06B11D6}.Release|Any CPU.Build.0 = Release|Any CPU
	EndGlobalSection
	GlobalSection(SolutionProperties) = preSolution
		HideSolutionNode = FALSE
	EndGlobalSection
	GlobalSection(ExtensibilityGlobals) = postSolution
		SolutionGuid = {67F1D77B-FB66-42D3-82DB-95EAE1C81699}
	EndGlobalSection
EndGlobal
